
Microsoft Visual Studio Solution File, Format Version 12.00
# Visual Studio Version 16
VisualStudioVersion = 25.0.1700.4
MinimumVisualStudioVersion = 10.0.40219.1
Project("{FAE04EC0-301F-11D3-BF4B-00C04F79EFBC}") = "Hello", "Hello\Hello.csproj", "{BA6EF1BA-197A-4C63-A733-F345E08A8CB1}"
EndProject
Global
	GlobalSection(SolutionConfigurationPlatforms) = preSolution
		Debug|Any CPU = Debug|Any CPU
		Release|Any CPU = Release|Any CPU
	EndGlobalSection
	GlobalSection(ProjectConfigurationPlatforms) = postSolution
		{BA6EF1BA-197A-4C63-A733-F345E08A8CB1}.Debug|Any CPU.ActiveCfg = Debug|Any CPU
		{BA6EF1BA-197A-4C63-A733-F345E08A8CB1}.Debug|Any CPU.Build.0 = Debug|Any CPU
		{BA6EF1BA-197A-4C63-A733-F345E08A8CB1}.Release|Any CPU.ActiveCfg = Release|Any CPU
		{BA6EF1BA-197A-4C63-A733-F345E08A8CB1}.Release|Any CPU.Build.0 = Release|Any CPU
	EndGlobalSection
	GlobalSection(SolutionProperties) = preSolution
		HideSolutionNode = FALSE
	EndGlobalSection
	GlobalSection(ExtensibilityGlobals) = postSolution
		SolutionGuid = {2A2253F9-01AD-4D41-A0CC-0A1EBD80D6A4}
	EndGlobalSection
EndGlobal
